
Microsoft Visual Studio Solution File, Format Version 12.00
# Visual Studio Version 16
VisualStudioVersion = 16.0.29709.97
MinimumVisualStudioVersion = 10.0.40219.1
Project("{FAE04EC0-301F-11D3-BF4B-00C04F79EFBC}") = "SingletonPattern1", "SingletonPattern1\SingletonPattern1.csproj", "{D55A55EB-E0DC-45C6-998E-16E56CA6A2B6}"
EndProject
Global
	GlobalSection(SolutionConfigurationPlatforms) = preSolution
		Debug|Any CPU = Debug|Any CPU
		Release|Any CPU = Release|Any CPU
	EndGlobalSection
	GlobalSection(ProjectConfigurationPlatforms) = postSolution
		{D55A55EB-E0DC-45C6-998E-16E56CA6A2B6}.Debug|Any CPU.ActiveCfg = Debug|Any CPU
		{D55A55EB-E0DC-45C6-998E-16E56CA6A2B6}.Debug|Any CPU.Build.0 = Debug|Any CPU
		{D55A55EB-E0DC-45C6-998E-16E56CA6A2B6}.Release|Any CPU.ActiveCfg = Release|Any CPU
		{D55A55EB-E0DC-45C6-998E-16E56CA6A2B6}.Release|Any CPU.Build.0 = Release|Any CPU
	EndGlobalSection
	GlobalSection(SolutionProperties) = preSolution
		HideSolutionNode = FALSE
	EndGlobalSection
	GlobalSection(ExtensibilityGlobals) = postSolution
		SolutionGuid = {122BF1A4-80A0-4717-BBE9-ABF8B7487A9C}
	EndGlobalSection
EndGlobal
